
Microsoft Visual Studio Solution File, Format Version 12.00
# Visual Studio Version 16
VisualStudioVersion = 16.0.29519.87
MinimumVisualStudioVersion = 10.0.40219.1
Project("{9A19103F-16F7-4668-BE54-9A1E7A4F7556}") = "EchoServer_Ver1", "EchoServer_Ver1.csproj", "{EA30CC10-544D-466E-B3B6-F72EC19CC852}"
EndProject
Project("{9A19103F-16F7-4668-BE54-9A1E7A4F7556}") = "EchoClient_Ver1", "..\EchoClient_Ver1\EchoClient_Ver1.csproj", "{1F06BCCE-2BC9-40A4-81C1-56AA07DF8DBD}"
EndProject
Project("{FAE04EC0-301F-11D3-BF4B-00C04F79EFBC}") = "ServerCore", "..\ServerCore\ServerCore.csproj", "{91C1D3FE-7B38-42EA-BB5E-973999678653}"
EndProject
Global
	GlobalSection(SolutionConfigurationPlatforms) = preSolution
		Debug|Any CPU = Debug|Any CPU
		Release|Any CPU = Release|Any CPU
	EndGlobalSection
	GlobalSection(ProjectConfigurationPlatforms) = postSolution
		{EA30CC10-544D-466E-B3B6-F72EC19CC852}.Debug|Any CPU.ActiveCfg = Debug|Any CPU
		{EA30CC10-544D-466E-B3B6-F72EC19CC852}.Debug|Any CPU.Build.0 = Debug|Any CPU
		{EA30CC10-544D-466E-B3B6-F72EC19CC852}.Release|Any CPU.ActiveCfg = Release|Any CPU
		{EA30CC10-544D-466E-B3B6-F72EC19CC852}.Release|Any CPU.Build.0 = Release|Any CPU
		{1F06BCCE-2BC9-40A4-81C1-56AA07DF8DBD}.Debug|Any CPU.ActiveCfg = Debug|Any CPU
		{1F06BCCE-2BC9-40A4-81C1-56AA07DF8DBD}.Debug|Any CPU.Build.0 = Debug|Any CPU
		{1F06BCCE-2BC9-40A4-81C1-56AA07DF8DBD}.Release|Any CPU.ActiveCfg = Release|Any CPU
		{1F06BCCE-2BC9-40A4-81C1-56AA07DF8DBD}.Release|Any CPU.Build.0 = Release|Any CPU
		{91C1D3FE-7B38-42EA-BB5E-973999678653}.Debug|Any CPU.ActiveCfg = Debug|Any CPU
		{91C1D3FE-7B38-42EA-BB5E-973999678653}.Debug|Any CPU.Build.0 = Debug|Any CPU
		{91C1D3FE-7B38-42EA-BB5E-973999678653}.Release|Any CPU.ActiveCfg = Release|Any CPU
		{91C1D3FE-7B38-42EA-BB5E-973999678653}.Release|Any CPU.Build.0 = Release|Any CPU
	EndGlobalSection
	GlobalSection(SolutionProperties) = preSolution
		HideSolutionNode = FALSE
	EndGlobalSection
	GlobalSection(ExtensibilityGlobals) = postSolution
		SolutionGuid = {F015CCAB-8F32-4310-995A-A2C7056057E7}
	EndGlobalSection
EndGlobal
